
Microsoft Visual Studio Solution File, Format Version 12.00
# Visual Studio Version 17
VisualStudioVersion = 17.14.36518.9 d17.14
MinimumVisualStudioVersion = 10.0.40219.1
Project("{FAE04EC0-301F-11D3-BF4B-00C04F79EFBC}") = "LINQ", "LINQ\LINQ.csproj", "{7D0F66E3-1A31-478A-812A-9CE8341C8D3C}"
EndProject
Global
	GlobalSection(SolutionConfigurationPlatforms) = preSolution
		Debug|Any CPU = Debug|Any CPU
		Release|Any CPU = Release|Any CPU
	EndGlobalSection
	GlobalSection(ProjectConfigurationPlatforms) = postSolution
		{7D0F66E3-1A31-478A-812A-9CE8341C8D3C}.Debug|Any CPU.ActiveCfg = Debug|Any CPU
		{7D0F66E3-1A31-478A-812A-9CE8341C8D3C}.Debug|Any CPU.Build.0 = Debug|Any CPU
		{7D0F66E3-1A31-478A-812A-9CE8341C8D3C}.Release|Any CPU.ActiveCfg = Release|Any CPU
		{7D0F66E3-1A31-478A-812A-9CE8341C8D3C}.Release|Any CPU.Build.0 = Release|Any CPU
	EndGlobalSection
	GlobalSection(SolutionProperties) = preSolution
		HideSolutionNode = FALSE
	EndGlobalSection
	GlobalSection(ExtensibilityGlobals) = postSolution
		SolutionGuid = {C5FE72DC-5761-456E-AAF9-9E47440CC139}
	EndGlobalSection
EndGlobal
