
Microsoft Visual Studio Solution File, Format Version 12.00
# Visual Studio Version 17
VisualStudioVersion = 17.14.36518.9 d17.14
MinimumVisualStudioVersion = 10.0.40219.1
Project("{FAE04EC0-301F-11D3-BF4B-00C04F79EFBC}") = "StudentBlazorApp", "StudentBlazorApp\StudentBlazorApp.csproj", "{2E4C031E-CE0A-4E12-8CCF-82EAC1B80E9F}"
EndProject
Global
	GlobalSection(SolutionConfigurationPlatforms) = preSolution
		Debug|Any CPU = Debug|Any CPU
		Release|Any CPU = Release|Any CPU
	EndGlobalSection
	GlobalSection(ProjectConfigurationPlatforms) = postSolution
		{2E4C031E-CE0A-4E12-8CCF-82EAC1B80E9F}.Debug|Any CPU.ActiveCfg = Debug|Any CPU
		{2E4C031E-CE0A-4E12-8CCF-82EAC1B80E9F}.Debug|Any CPU.Build.0 = Debug|Any CPU
		{2E4C031E-CE0A-4E12-8CCF-82EAC1B80E9F}.Release|Any CPU.ActiveCfg = Release|Any CPU
		{2E4C031E-CE0A-4E12-8CCF-82EAC1B80E9F}.Release|Any CPU.Build.0 = Release|Any CPU
	EndGlobalSection
	GlobalSection(SolutionProperties) = preSolution
		HideSolutionNode = FALSE
	EndGlobalSection
	GlobalSection(ExtensibilityGlobals) = postSolution
		SolutionGuid = {D10D3874-82A3-4CF4-B057-040E2A52CA12}
	EndGlobalSection
EndGlobal
